
Microsoft Visual Studio Solution File, Format Version 12.00
# Visual Studio Version 17
VisualStudioVersion = 17.3.32811.315
MinimumVisualStudioVersion = 10.0.40219.1
Project("{9A19103F-16F7-4668-BE54-9A1E7A4F7556}") = "ClientApp", "ClientApp\ClientApp.csproj", "{EA40365A-5BA7-44DC-B36D-87328ABC2F61}"
EndProject
Project("{9A19103F-16F7-4668-BE54-9A1E7A4F7556}") = "ServerApp", "ServerApp\ServerApp.csproj", "{8512F65B-AA60-43A6-A176-A3F304201C53}"
EndProject
Project("{9A19103F-16F7-4668-BE54-9A1E7A4F7556}") = "UnitTest", "UnitTest\UnitTest.csproj", "{DF249BF6-6D1A-41A8-93C0-DB0A019A9E82}"
EndProject
Project("{FAE04EC0-301F-11D3-BF4B-00C04F79EFBC}") = "Models", "DTO\Models.csproj", "{215ACD60-3DBE-4FC1-97BB-F033ADFE42CA}"
EndProject
Global
	GlobalSection(SolutionConfigurationPlatforms) = preSolution
		Debug|Any CPU = Debug|Any CPU
		Release|Any CPU = Release|Any CPU
	EndGlobalSection
	GlobalSection(ProjectConfigurationPlatforms) = postSolution
		{EA40365A-5BA7-44DC-B36D-87328ABC2F61}.Debug|Any CPU.ActiveCfg = Debug|Any CPU
		{EA40365A-5BA7-44DC-B36D-87328ABC2F61}.Debug|Any CPU.Build.0 = Debug|Any CPU
		{EA40365A-5BA7-44DC-B36D-87328ABC2F61}.Release|Any CPU.ActiveCfg = Release|Any CPU
		{EA40365A-5BA7-44DC-B36D-87328ABC2F61}.Release|Any CPU.Build.0 = Release|Any CPU
		{8512F65B-AA60-43A6-A176-A3F304201C53}.Debug|Any CPU.ActiveCfg = Debug|Any CPU
		{8512F65B-AA60-43A6-A176-A3F304201C53}.Debug|Any CPU.Build.0 = Debug|Any CPU
		{8512F65B-AA60-43A6-A176-A3F304201C53}.Release|Any CPU.ActiveCfg = Release|Any CPU
		{8512F65B-AA60-43A6-A176-A3F304201C53}.Release|Any CPU.Build.0 = Release|Any CPU
		{DF249BF6-6D1A-41A8-93C0-DB0A019A9E82}.Debug|Any CPU.ActiveCfg = Debug|Any CPU
		{DF249BF6-6D1A-41A8-93C0-DB0A019A9E82}.Debug|Any CPU.Build.0 = Debug|Any CPU
		{DF249BF6-6D1A-41A8-93C0-DB0A019A9E82}.Release|Any CPU.ActiveCfg = Release|Any CPU
		{DF249BF6-6D1A-41A8-93C0-DB0A019A9E82}.Release|Any CPU.Build.0 = Release|Any CPU
		{215ACD60-3DBE-4FC1-97BB-F033ADFE42CA}.Debug|Any CPU.ActiveCfg = Debug|Any CPU
		{215ACD60-3DBE-4FC1-97BB-F033ADFE42CA}.Debug|Any CPU.Build.0 = Debug|Any CPU
		{215ACD60-3DBE-4FC1-97BB-F033ADFE42CA}.Release|Any CPU.ActiveCfg = Release|Any CPU
		{215ACD60-3DBE-4FC1-97BB-F033ADFE42CA}.Release|Any CPU.Build.0 = Release|Any CPU
	EndGlobalSection
	GlobalSection(SolutionProperties) = preSolution
		HideSolutionNode = FALSE
	EndGlobalSection
	GlobalSection(ExtensibilityGlobals) = postSolution
		SolutionGuid = {70D5D90C-26DD-41B0-8C94-2DCA364A89A0}
	EndGlobalSection
EndGlobal
